// !$*UTF8*$!
{
	archiveVersion = 1;
	classes = {
	};
	objectVersion = 77;
	objects = {

/* Begin PBXBuildFile section */
		062A4E03A8C94C75D1E417AC /* FreeCreditsService.swift in Sources */ = {isa = PBXBuildFile; fileRef = 8991EBB89354EF1E3C09737D /* FreeCreditsService.swift */; };
		0BF1E71B8B0C093B175738E9 /* Products.storekit in Resources */ = {isa = PBXBuildFile; fileRef = 83FBD0EA4FCCCD6B2F0E102B /* Products.storekit */; };
		119F6E44B33AFA30A42B3973 /* CompanyInterviewView.swift in Sources */ = {isa = PBXBuildFile; fileRef = 7DBA8864455159616530200C /* CompanyInterviewView.swift */; };
		13C4377136CEBEA5366F6981 /* SubscriptionService.swift in Sources */ = {isa = PBXBuildFile; fileRef = 90172460D30629533E0CD056 /* SubscriptionService.swift */; };
		1A487DF546A02F24913BBC90 /* FreeCreditsServiceTests.swift in Sources */ = {isa = PBXBuildFile; fileRef = 1F554EB532328C01542F3FD2 /* FreeCreditsServiceTests.swift */; };
		1E8A9D0E0CC207F6FA27D0FD /* MLExplorerApp.swift in Sources */ = {isa = PBXBuildFile; fileRef = F7F4EB87D180FA59B0DAE4A5 /* MLExplorerApp.swift */; };
		1FA8523C0F535AD4EBF48908 /* Insight.swift in Sources */ = {isa = PBXBuildFile; fileRef = 3CD06D8FE427ECE77C01412F /* Insight.swift */; };
		203242006EEDBC8442DC9480 /* PaperCardView.swift in Sources */ = {isa = PBXBuildFile; fileRef = C3C383C2C3127EF6CC231D12 /* PaperCardView.swift */; };
		2FECF62241A233D8E69C7AFA /* DailyPicksView.swift in Sources */ = {isa = PBXBuildFile; fileRef = C2CB7B31EA9617836DF69FDD /* DailyPicksView.swift */; };
		3A61FCCF36BD05E59340A5C1 /* BookmarksView.swift in Sources */ = {isa = PBXBuildFile; fileRef = 5E12020AB0AF321B3512B9B5 /* BookmarksView.swift */; };
		3AE0F4EDD3333B3679F9D068 /* ml_challenges.json in Resources */ = {isa = PBXBuildFile; fileRef = 8C3CCA5544BC19D5BCB7138A /* ml_challenges.json */; };
		4847FA58059DDED4E3225CE3 /* UserStatusBadge.swift in Sources */ = {isa = PBXBuildFile; fileRef = 6A60F51547A9D3D3472090AF /* UserStatusBadge.swift */; };
		51897BC77BDC4E8D042AA730 /* NoteEditorView.swift in Sources */ = {isa = PBXBuildFile; fileRef = E626B481F999B6A08B226DC1 /* NoteEditorView.swift */; };
		5E8D1FCC2E18467F9FDC8A01 /* InsightViewModel.swift in Sources */ = {isa = PBXBuildFile; fileRef = ECD0F6CD58338A4FB7350433 /* InsightViewModel.swift */; };
		5FEDD90C92E35880DD25A688 /* InterviewListView.swift in Sources */ = {isa = PBXBuildFile; fileRef = 47328C847E74523DE94C133C /* InterviewListView.swift */; };
		683A95364C36E295ABB73577 /* MLChallengesListView.swift in Sources */ = {isa = PBXBuildFile; fileRef = 36E54CEF9FA9E532CB8B95E8 /* MLChallengesListView.swift */; };
		7EF52398212992132DF94478 /* MLChallengeDetailView.swift in Sources */ = {isa = PBXBuildFile; fileRef = 4C98514899938D1B3A9408C6 /* MLChallengeDetailView.swift */; };
		88498A07B014410A784C1CBE /* BookmarkStore.swift in Sources */ = {isa = PBXBuildFile; fileRef = EAB8522DCC0A27AD2CD7E3E3 /* BookmarkStore.swift */; };
		9DDDB63F4D736B3D9C1EBF55 /* PaywallView.swift in Sources */ = {isa = PBXBuildFile; fileRef = 6E2E6DF8263EFBBC4133DCA9 /* PaywallView.swift */; };
		A66BF7ED31CAB8E9C810C5B8 /* FilterSheetView.swift in Sources */ = {isa = PBXBuildFile; fileRef = 13DB08B672DC3ECBA4E3545B /* FilterSheetView.swift */; };
		A78C9A50C2578F1689BFC2E3 /* MLChallengesViewModel.swift in Sources */ = {isa = PBXBuildFile; fileRef = FFF5F8D5F5233593E8E244E0 /* MLChallengesViewModel.swift */; };
		AD4EB6FAEA1036A1449AF687 /* Assets.xcassets in Resources */ = {isa = PBXBuildFile; fileRef = CFD595855DB2A18701E09BF9 /* Assets.xcassets */; };
		B7321EA36EFE45E03A9C2944 /* PaperListView.swift in Sources */ = {isa = PBXBuildFile; fileRef = 075ED488DE174BD393EEBCC8 /* PaperListView.swift */; };
		B81C95E877AD2F5F40018AEE /* PaperDetailView.swift in Sources */ = {isa = PBXBuildFile; fileRef = FB5FB412BB2F6688CDFE7867 /* PaperDetailView.swift */; };
		BA81571D066D79E9FCB3A18B /* PDFReaderView.swift in Sources */ = {isa = PBXBuildFile; fileRef = F847977446BF3A40AE758F7E /* PDFReaderView.swift */; };
		BB8B4ECFF2E604D6DA580159 /* PapersViewModel.swift in Sources */ = {isa = PBXBuildFile; fileRef = 400F60427F8A4A389843C219 /* PapersViewModel.swift */; };
		BED4AE6278B6B501CF5642EC /* SubscriptionUITests.swift in Sources */ = {isa = PBXBuildFile; fileRef = 554200CD2A26FC005969500E /* SubscriptionUITests.swift */; };
		BF9B1817E76736C98E1FDFC7 /* MockInterviewView.swift in Sources */ = {isa = PBXBuildFile; fileRef = 8F04FE838D0DC94E8E053C00 /* MockInterviewView.swift */; };
		E081E7A60EAFF92179C5D80D /* MLChallenge.swift in Sources */ = {isa = PBXBuildFile; fileRef = 7E8EE9152010B2AE370F1892 /* MLChallenge.swift */; };
		E9A0A3EA4707E5F580E7A102 /* SettingsView.swift in Sources */ = {isa = PBXBuildFile; fileRef = 27C567F2A03DF4C033162092 /* SettingsView.swift */; };
		EAC7F5788852FF616FC8C1BF /* InsightService.swift in Sources */ = {isa = PBXBuildFile; fileRef = 77CFF4E6F5A9554D6A02161C /* InsightService.swift */; };
		ED8B8695932CEB272C656DDF /* InsightPanelView.swift in Sources */ = {isa = PBXBuildFile; fileRef = 72D1F3CE9725EC4C3956E6BD /* InsightPanelView.swift */; };
		FA34D73EBCECBA6B0F8A1DFC /* Paper.swift in Sources */ = {isa = PBXBuildFile; fileRef = 71C49BE870DFEC45EC2F5588 /* Paper.swift */; };
/* End PBXBuildFile section */

/* Begin PBXContainerItemProxy section */
		4E8A0EB0CAEF6A419353E8F2 /* PBXContainerItemProxy */ = {
			isa = PBXContainerItemProxy;
			containerPortal = A150485A37CAC25AFEE4FC62 /* Project object */;
			proxyType = 1;
			remoteGlobalIDString = 2C5CE3A602C3445B09B55B2C;
			remoteInfo = MLExplorer;
		};
		6BE36794FC6C9D043F5F1732 /* PBXContainerItemProxy */ = {
			isa = PBXContainerItemProxy;
			containerPortal = A150485A37CAC25AFEE4FC62 /* Project object */;
			proxyType = 1;
			remoteGlobalIDString = 2C5CE3A602C3445B09B55B2C;
			remoteInfo = MLExplorer;
		};
/* End PBXContainerItemProxy section */

/* Begin PBXFileReference section */
		075ED488DE174BD393EEBCC8 /* PaperListView.swift */ = {isa = PBXFileReference; lastKnownFileType = sourcecode.swift; path = PaperListView.swift; sourceTree = "<group>"; };
		13DB08B672DC3ECBA4E3545B /* FilterSheetView.swift */ = {isa = PBXFileReference; lastKnownFileType = sourcecode.swift; path = FilterSheetView.swift; sourceTree = "<group>"; };
		1F554EB532328C01542F3FD2 /* FreeCreditsServiceTests.swift */ = {isa = PBXFileReference; lastKnownFileType = sourcecode.swift; path = FreeCreditsServiceTests.swift; sourceTree = "<group>"; };
		27C567F2A03DF4C033162092 /* SettingsView.swift */ = {isa = PBXFileReference; lastKnownFileType = sourcecode.swift; path = SettingsView.swift; sourceTree = "<group>"; };
		36E54CEF9FA9E532CB8B95E8 /* MLChallengesListView.swift */ = {isa = PBXFileReference; lastKnownFileType = sourcecode.swift; path = MLChallengesListView.swift; sourceTree = "<group>"; };
		3CD06D8FE427ECE77C01412F /* Insight.swift */ = {isa = PBXFileReference; lastKnownFileType = sourcecode.swift; path = Insight.swift; sourceTree = "<group>"; };
		400F60427F8A4A389843C219 /* PapersViewModel.swift */ = {isa = PBXFileReference; lastKnownFileType = sourcecode.swift; path = PapersViewModel.swift; sourceTree = "<group>"; };
		4077062F47F3C179C5FD71A5 /* MLExplorer.app */ = {isa = PBXFileReference; includeInIndex = 0; lastKnownFileType = wrapper.application; path = MLExplorer.app; sourceTree = BUILT_PRODUCTS_DIR; };
		47328C847E74523DE94C133C /* InterviewListView.swift */ = {isa = PBXFileReference; lastKnownFileType = sourcecode.swift; path = InterviewListView.swift; sourceTree = "<group>"; };
		4C98514899938D1B3A9408C6 /* MLChallengeDetailView.swift */ = {isa = PBXFileReference; lastKnownFileType = sourcecode.swift; path = MLChallengeDetailView.swift; sourceTree = "<group>"; };
		554200CD2A26FC005969500E /* SubscriptionUITests.swift */ = {isa = PBXFileReference; lastKnownFileType = sourcecode.swift; path = SubscriptionUITests.swift; sourceTree = "<group>"; };
		5E12020AB0AF321B3512B9B5 /* BookmarksView.swift */ = {isa = PBXFileReference; lastKnownFileType = sourcecode.swift; path = BookmarksView.swift; sourceTree = "<group>"; };
		6A60F51547A9D3D3472090AF /* UserStatusBadge.swift */ = {isa = PBXFileReference; lastKnownFileType = sourcecode.swift; path = UserStatusBadge.swift; sourceTree = "<group>"; };
		6E2E6DF8263EFBBC4133DCA9 /* PaywallView.swift */ = {isa = PBXFileReference; lastKnownFileType = sourcecode.swift; path = PaywallView.swift; sourceTree = "<group>"; };
		71C49BE870DFEC45EC2F5588 /* Paper.swift */ = {isa = PBXFileReference; lastKnownFileType = sourcecode.swift; path = Paper.swift; sourceTree = "<group>"; };
		72D1F3CE9725EC4C3956E6BD /* InsightPanelView.swift */ = {isa = PBXFileReference; lastKnownFileType = sourcecode.swift; path = InsightPanelView.swift; sourceTree = "<group>"; };
		77CFF4E6F5A9554D6A02161C /* InsightService.swift */ = {isa = PBXFileReference; lastKnownFileType = sourcecode.swift; path = InsightService.swift; sourceTree = "<group>"; };
		7897CCE4AA0B6C5E8899B566 /* MLExplorerTests.xctest */ = {isa = PBXFileReference; includeInIndex = 0; lastKnownFileType = wrapper.cfbundle; path = MLExplorerTests.xctest; sourceTree = BUILT_PRODUCTS_DIR; };
		7DBA8864455159616530200C /* CompanyInterviewView.swift */ = {isa = PBXFileReference; lastKnownFileType = sourcecode.swift; path = CompanyInterviewView.swift; sourceTree = "<group>"; };
		7E8EE9152010B2AE370F1892 /* MLChallenge.swift */ = {isa = PBXFileReference; lastKnownFileType = sourcecode.swift; path = MLChallenge.swift; sourceTree = "<group>"; };
		83FBD0EA4FCCCD6B2F0E102B /* Products.storekit */ = {isa = PBXFileReference; path = Products.storekit; sourceTree = "<group>"; };
		8991EBB89354EF1E3C09737D /* FreeCreditsService.swift */ = {isa = PBXFileReference; lastKnownFileType = sourcecode.swift; path = FreeCreditsService.swift; sourceTree = "<group>"; };
		8C3CCA5544BC19D5BCB7138A /* ml_challenges.json */ = {isa = PBXFileReference; lastKnownFileType = text.json; path = ml_challenges.json; sourceTree = "<group>"; };
		8F04FE838D0DC94E8E053C00 /* MockInterviewView.swift */ = {isa = PBXFileReference; lastKnownFileType = sourcecode.swift; path = MockInterviewView.swift; sourceTree = "<group>"; };
		90172460D30629533E0CD056 /* SubscriptionService.swift */ = {isa = PBXFileReference; lastKnownFileType = sourcecode.swift; path = SubscriptionService.swift; sourceTree = "<group>"; };
		92BC4A0D43DA5DE0849887B1 /* Info.plist */ = {isa = PBXFileReference; lastKnownFileType = text.plist; path = Info.plist; sourceTree = "<group>"; };
		A046111E2152FAA437FE7699 /* MLExplorer.entitlements */ = {isa = PBXFileReference; lastKnownFileType = text.plist.entitlements; path = MLExplorer.entitlements; sourceTree = "<group>"; };
		C2CB7B31EA9617836DF69FDD /* DailyPicksView.swift */ = {isa = PBXFileReference; lastKnownFileType = sourcecode.swift; path = DailyPicksView.swift; sourceTree = "<group>"; };
		C3C383C2C3127EF6CC231D12 /* PaperCardView.swift */ = {isa = PBXFileReference; lastKnownFileType = sourcecode.swift; path = PaperCardView.swift; sourceTree = "<group>"; };
		CFD595855DB2A18701E09BF9 /* Assets.xcassets */ = {isa = PBXFileReference; lastKnownFileType = folder.assetcatalog; path = Assets.xcassets; sourceTree = "<group>"; };
		E626B481F999B6A08B226DC1 /* NoteEditorView.swift */ = {isa = PBXFileReference; lastKnownFileType = sourcecode.swift; path = NoteEditorView.swift; sourceTree = "<group>"; };
		EAB8522DCC0A27AD2CD7E3E3 /* BookmarkStore.swift */ = {isa = PBXFileReference; lastKnownFileType = sourcecode.swift; path = BookmarkStore.swift; sourceTree = "<group>"; };
		ECD0F6CD58338A4FB7350433 /* InsightViewModel.swift */ = {isa = PBXFileReference; lastKnownFileType = sourcecode.swift; path = InsightViewModel.swift; sourceTree = "<group>"; };
		F2FC943FE419E78395AC4521 /* MLExplorerUITests.xctest */ = {isa = PBXFileReference; includeInIndex = 0; lastKnownFileType = wrapper.cfbundle; path = MLExplorerUITests.xctest; sourceTree = BUILT_PRODUCTS_DIR; };
		F7F4EB87D180FA59B0DAE4A5 /* MLExplorerApp.swift */ = {isa = PBXFileReference; lastKnownFileType = sourcecode.swift; path = MLExplorerApp.swift; sourceTree = "<group>"; };
		F847977446BF3A40AE758F7E /* PDFReaderView.swift */ = {isa = PBXFileReference; lastKnownFileType = sourcecode.swift; path = PDFReaderView.swift; sourceTree = "<group>"; };
		FB5FB412BB2F6688CDFE7867 /* PaperDetailView.swift */ = {isa = PBXFileReference; lastKnownFileType = sourcecode.swift; path = PaperDetailView.swift; sourceTree = "<group>"; };
		FFF5F8D5F5233593E8E244E0 /* MLChallengesViewModel.swift */ = {isa = PBXFileReference; lastKnownFileType = sourcecode.swift; path = MLChallengesViewModel.swift; sourceTree = "<group>"; };
/* End PBXFileReference section */

/* Begin PBXGroup section */
		08493A9861A0C9F96A1AF6BA /* ViewModels */ = {
			isa = PBXGroup;
			children = (
				ECD0F6CD58338A4FB7350433 /* InsightViewModel.swift */,
				FFF5F8D5F5233593E8E244E0 /* MLChallengesViewModel.swift */,
				400F60427F8A4A389843C219 /* PapersViewModel.swift */,
			);
			path = ViewModels;
			sourceTree = "<group>";
		};
		1C7A06939E0C612AC82B8F6A /* Views */ = {
			isa = PBXGroup;
			children = (
				5E12020AB0AF321B3512B9B5 /* BookmarksView.swift */,
				7DBA8864455159616530200C /* CompanyInterviewView.swift */,
				C2CB7B31EA9617836DF69FDD /* DailyPicksView.swift */,
				13DB08B672DC3ECBA4E3545B /* FilterSheetView.swift */,
				72D1F3CE9725EC4C3956E6BD /* InsightPanelView.swift */,
				47328C847E74523DE94C133C /* InterviewListView.swift */,
				4C98514899938D1B3A9408C6 /* MLChallengeDetailView.swift */,
				36E54CEF9FA9E532CB8B95E8 /* MLChallengesListView.swift */,
				8F04FE838D0DC94E8E053C00 /* MockInterviewView.swift */,
				E626B481F999B6A08B226DC1 /* NoteEditorView.swift */,
				C3C383C2C3127EF6CC231D12 /* PaperCardView.swift */,
				FB5FB412BB2F6688CDFE7867 /* PaperDetailView.swift */,
				075ED488DE174BD393EEBCC8 /* PaperListView.swift */,
				6E2E6DF8263EFBBC4133DCA9 /* PaywallView.swift */,
				F847977446BF3A40AE758F7E /* PDFReaderView.swift */,
				27C567F2A03DF4C033162092 /* SettingsView.swift */,
				6A60F51547A9D3D3472090AF /* UserStatusBadge.swift */,
			);
			path = Views;
			sourceTree = "<group>";
		};
		289BD2EF60D19361BC30C78C /* MLExplorer */ = {
			isa = PBXGroup;
			children = (
				CFD595855DB2A18701E09BF9 /* Assets.xcassets */,
				92BC4A0D43DA5DE0849887B1 /* Info.plist */,
				A046111E2152FAA437FE7699 /* MLExplorer.entitlements */,
				F7F4EB87D180FA59B0DAE4A5 /* MLExplorerApp.swift */,
				83FBD0EA4FCCCD6B2F0E102B /* Products.storekit */,
				9869DA1D9E14708D640A6566 /* Models */,
				DC23AD8F80BA2768ED071B19 /* Resources */,
				99642D15DE1B688D8F4D32E5 /* Services */,
				08493A9861A0C9F96A1AF6BA /* ViewModels */,
				1C7A06939E0C612AC82B8F6A /* Views */,
			);
			path = MLExplorer;
			sourceTree = "<group>";
		};
		89E539A3F44A5A4E59FD6DE7 /* Products */ = {
			isa = PBXGroup;
			children = (
				4077062F47F3C179C5FD71A5 /* MLExplorer.app */,
				7897CCE4AA0B6C5E8899B566 /* MLExplorerTests.xctest */,
				F2FC943FE419E78395AC4521 /* MLExplorerUITests.xctest */,
			);
			name = Products;
			sourceTree = "<group>";
		};
		9869DA1D9E14708D640A6566 /* Models */ = {
			isa = PBXGroup;
			children = (
				EAB8522DCC0A27AD2CD7E3E3 /* BookmarkStore.swift */,
				3CD06D8FE427ECE77C01412F /* Insight.swift */,
				7E8EE9152010B2AE370F1892 /* MLChallenge.swift */,
				71C49BE870DFEC45EC2F5588 /* Paper.swift */,
			);
			path = Models;
			sourceTree = "<group>";
		};
		99642D15DE1B688D8F4D32E5 /* Services */ = {
			isa = PBXGroup;
			children = (
				8991EBB89354EF1E3C09737D /* FreeCreditsService.swift */,
				77CFF4E6F5A9554D6A02161C /* InsightService.swift */,
				90172460D30629533E0CD056 /* SubscriptionService.swift */,
			);
			path = Services;
			sourceTree = "<group>";
		};
		ABFCE4238795746A0C0C5E7A /* MLExplorerUITests */ = {
			isa = PBXGroup;
			children = (
				554200CD2A26FC005969500E /* SubscriptionUITests.swift */,
			);
			path = MLExplorerUITests;
			sourceTree = "<group>";
		};
		BF0514F7AE0B490311FAC7F8 = {
			isa = PBXGroup;
			children = (
				289BD2EF60D19361BC30C78C /* MLExplorer */,
				F3A28936E7FC5F6EAD9272EF /* MLExplorerTests */,
				ABFCE4238795746A0C0C5E7A /* MLExplorerUITests */,
				89E539A3F44A5A4E59FD6DE7 /* Products */,
			);
			sourceTree = "<group>";
		};
		DC23AD8F80BA2768ED071B19 /* Resources */ = {
			isa = PBXGroup;
			children = (
				8C3CCA5544BC19D5BCB7138A /* ml_challenges.json */,
			);
			path = Resources;
			sourceTree = "<group>";
		};
		F3A28936E7FC5F6EAD9272EF /* MLExplorerTests */ = {
			isa = PBXGroup;
			children = (
				1F554EB532328C01542F3FD2 /* FreeCreditsServiceTests.swift */,
			);
			path = MLExplorerTests;
			sourceTree = "<group>";
		};
/* End PBXGroup section */

/* Begin PBXNativeTarget section */
		23145F9539A7C134333CD8CA /* MLExplorerTests */ = {
			isa = PBXNativeTarget;
			buildConfigurationList = DF51A25CF47063B8C270A088 /* Build configuration list for PBXNativeTarget "MLExplorerTests" */;
			buildPhases = (
				05211E44558CF2E02C631A59 /* Sources */,
			);
			buildRules = (
			);
			dependencies = (
				E93CC34351C399EA311FA60B /* PBXTargetDependency */,
			);
			name = MLExplorerTests;
			packageProductDependencies = (
			);
			productName = MLExplorerTests;
			productReference = 7897CCE4AA0B6C5E8899B566 /* MLExplorerTests.xctest */;
			productType = "com.apple.product-type.bundle.unit-test";
		};
		2C5CE3A602C3445B09B55B2C /* MLExplorer */ = {
			isa = PBXNativeTarget;
			buildConfigurationList = 7A580881084211817AD24BF5 /* Build configuration list for PBXNativeTarget "MLExplorer" */;
			buildPhases = (
				23F9F2F0D7942502FDC56D43 /* Sources */,
				C58E571FC124F8F3F7800263 /* Resources */,
			);
			buildRules = (
			);
			dependencies = (
			);
			name = MLExplorer;
			packageProductDependencies = (
			);
			productName = MLExplorer;
			productReference = 4077062F47F3C179C5FD71A5 /* MLExplorer.app */;
			productType = "com.apple.product-type.application";
		};
		8967F39819C9CC613419ABC4 /* MLExplorerUITests */ = {
			isa = PBXNativeTarget;
			buildConfigurationList = C578973AD7EA21BC32672B3F /* Build configuration list for PBXNativeTarget "MLExplorerUITests" */;
			buildPhases = (
				2DF6E80FD76EF57D255794A3 /* Sources */,
			);
			buildRules = (
			);
			dependencies = (
				7ED9B22C9098006DFC693DFC /* PBXTargetDependency */,
			);
			name = MLExplorerUITests;
			packageProductDependencies = (
			);
			productName = MLExplorerUITests;
			productReference = F2FC943FE419E78395AC4521 /* MLExplorerUITests.xctest */;
			productType = "com.apple.product-type.bundle.ui-testing";
		};
/* End PBXNativeTarget section */

/* Begin PBXProject section */
		A150485A37CAC25AFEE4FC62 /* Project object */ = {
			isa = PBXProject;
			attributes = {
				BuildIndependentTargetsInParallel = YES;
				LastUpgradeCheck = 1500;
				TargetAttributes = {
					23145F9539A7C134333CD8CA = {
						DevelopmentTeam = BVTP4744AS;
						ProvisioningStyle = Automatic;
					};
					2C5CE3A602C3445B09B55B2C = {
						DevelopmentTeam = BVTP4744AS;
						ProvisioningStyle = Automatic;
					};
					8967F39819C9CC613419ABC4 = {
						DevelopmentTeam = BVTP4744AS;
						ProvisioningStyle = Automatic;
						TestTargetID = 2C5CE3A602C3445B09B55B2C;
					};
				};
			};
			buildConfigurationList = AEDF2863D7F771616E724C51 /* Build configuration list for PBXProject "MLExplorer" */;
			developmentRegion = en;
			hasScannedForEncodings = 0;
			knownRegions = (
				Base,
				en,
			);
			mainGroup = BF0514F7AE0B490311FAC7F8;
			minimizedProjectReferenceProxies = 1;
			preferredProjectObjectVersion = 77;
			productRefGroup = 89E539A3F44A5A4E59FD6DE7 /* Products */;
			projectDirPath = "";
			projectRoot = "";
			targets = (
				2C5CE3A602C3445B09B55B2C /* MLExplorer */,
				23145F9539A7C134333CD8CA /* MLExplorerTests */,
				8967F39819C9CC613419ABC4 /* MLExplorerUITests */,
			);
		};
/* End PBXProject section */

/* Begin PBXResourcesBuildPhase section */
		C58E571FC124F8F3F7800263 /* Resources */ = {
			isa = PBXResourcesBuildPhase;
			buildActionMask = 2147483647;
			files = (
				AD4EB6FAEA1036A1449AF687 /* Assets.xcassets in Resources */,
				0BF1E71B8B0C093B175738E9 /* Products.storekit in Resources */,
				3AE0F4EDD3333B3679F9D068 /* ml_challenges.json in Resources */,
			);
			runOnlyForDeploymentPostprocessing = 0;
		};
/* End PBXResourcesBuildPhase section */

/* Begin PBXSourcesBuildPhase section */
		05211E44558CF2E02C631A59 /* Sources */ = {
			isa = PBXSourcesBuildPhase;
			buildActionMask = 2147483647;
			files = (
				1A487DF546A02F24913BBC90 /* FreeCreditsServiceTests.swift in Sources */,
			);
			runOnlyForDeploymentPostprocessing = 0;
		};
		23F9F2F0D7942502FDC56D43 /* Sources */ = {
			isa = PBXSourcesBuildPhase;
			buildActionMask = 2147483647;
			files = (
				88498A07B014410A784C1CBE /* BookmarkStore.swift in Sources */,
				3A61FCCF36BD05E59340A5C1 /* BookmarksView.swift in Sources */,
				119F6E44B33AFA30A42B3973 /* CompanyInterviewView.swift in Sources */,
				2FECF62241A233D8E69C7AFA /* DailyPicksView.swift in Sources */,
				A66BF7ED31CAB8E9C810C5B8 /* FilterSheetView.swift in Sources */,
				062A4E03A8C94C75D1E417AC /* FreeCreditsService.swift in Sources */,
				1FA8523C0F535AD4EBF48908 /* Insight.swift in Sources */,
				ED8B8695932CEB272C656DDF /* InsightPanelView.swift in Sources */,
				EAC7F5788852FF616FC8C1BF /* InsightService.swift in Sources */,
				5E8D1FCC2E18467F9FDC8A01 /* InsightViewModel.swift in Sources */,
				5FEDD90C92E35880DD25A688 /* InterviewListView.swift in Sources */,
				E081E7A60EAFF92179C5D80D /* MLChallenge.swift in Sources */,
				7EF52398212992132DF94478 /* MLChallengeDetailView.swift in Sources */,
				683A95364C36E295ABB73577 /* MLChallengesListView.swift in Sources */,
				A78C9A50C2578F1689BFC2E3 /* MLChallengesViewModel.swift in Sources */,
				1E8A9D0E0CC207F6FA27D0FD /* MLExplorerApp.swift in Sources */,
				BF9B1817E76736C98E1FDFC7 /* MockInterviewView.swift in Sources */,
				51897BC77BDC4E8D042AA730 /* NoteEditorView.swift in Sources */,
				BA81571D066D79E9FCB3A18B /* PDFReaderView.swift in Sources */,
				FA34D73EBCECBA6B0F8A1DFC /* Paper.swift in Sources */,
				203242006EEDBC8442DC9480 /* PaperCardView.swift in Sources */,
				B81C95E877AD2F5F40018AEE /* PaperDetailView.swift in Sources */,
				B7321EA36EFE45E03A9C2944 /* PaperListView.swift in Sources */,
				BB8B4ECFF2E604D6DA580159 /* PapersViewModel.swift in Sources */,
				9DDDB63F4D736B3D9C1EBF55 /* PaywallView.swift in Sources */,
				E9A0A3EA4707E5F580E7A102 /* SettingsView.swift in Sources */,
				13C4377136CEBEA5366F6981 /* SubscriptionService.swift in Sources */,
				4847FA58059DDED4E3225CE3 /* UserStatusBadge.swift in Sources */,
			);
			runOnlyForDeploymentPostprocessing = 0;
		};
		2DF6E80FD76EF57D255794A3 /* Sources */ = {
			isa = PBXSourcesBuildPhase;
			buildActionMask = 2147483647;
			files = (
				BED4AE6278B6B501CF5642EC /* SubscriptionUITests.swift in Sources */,
			);
			runOnlyForDeploymentPostprocessing = 0;
		};
/* End PBXSourcesBuildPhase section */

/* Begin PBXTargetDependency section */
		7ED9B22C9098006DFC693DFC /* PBXTargetDependency */ = {
			isa = PBXTargetDependency;
			target = 2C5CE3A602C3445B09B55B2C /* MLExplorer */;
			targetProxy = 6BE36794FC6C9D043F5F1732 /* PBXContainerItemProxy */;
		};
		E93CC34351C399EA311FA60B /* PBXTargetDependency */ = {
			isa = PBXTargetDependency;
			target = 2C5CE3A602C3445B09B55B2C /* MLExplorer */;
			targetProxy = 4E8A0EB0CAEF6A419353E8F2 /* PBXContainerItemProxy */;
		};
/* End PBXTargetDependency section */

/* Begin XCBuildConfiguration section */
		347FDBF398A038524C63D653 /* Debug */ = {
			isa = XCBuildConfiguration;
			buildSettings = {
				BUNDLE_LOADER = "$(TEST_HOST)";
				CODE_SIGN_STYLE = Automatic;
				DEVELOPMENT_TEAM = BVTP4744AS;
				GENERATE_INFOPLIST_FILE = YES;
				LD_RUNPATH_SEARCH_PATHS = (
					"$(inherited)",
					"@executable_path/Frameworks",
					"@loader_path/Frameworks",
				);
				PRODUCT_BUNDLE_IDENTIFIER = com.mlexplorer.uitests;
				SDKROOT = iphoneos;
				SWIFT_VERSION = 5.9;
				TARGETED_DEVICE_FAMILY = "1,2";
				TEST_TARGET_NAME = MLExplorer;
			};
			name = Debug;
		};
		3C8D241D1FE7F268F86551CD /* Release */ = {
			isa = XCBuildConfiguration;
			buildSettings = {
				ALWAYS_SEARCH_USER_PATHS = NO;
				CLANG_ANALYZER_NONNULL = YES;
				CLANG_ANALYZER_NUMBER_OBJECT_CONVERSION = YES_AGGRESSIVE;
				CLANG_CXX_LANGUAGE_STANDARD = "gnu++14";
				CLANG_CXX_LIBRARY = "libc++";
				CLANG_ENABLE_MODULES = YES;
				CLANG_ENABLE_OBJC_ARC = YES;
				CLANG_ENABLE_OBJC_WEAK = YES;
				CLANG_WARN_BLOCK_CAPTURE_AUTORELEASING = YES;
				CLANG_WARN_BOOL_CONVERSION = YES;
				CLANG_WARN_COMMA = YES;
				CLANG_WARN_CONSTANT_CONVERSION = YES;
				CLANG_WARN_DEPRECATED_OBJC_IMPLEMENTATIONS = YES;
				CLANG_WARN_DIRECT_OBJC_ISA_USAGE = YES_ERROR;
				CLANG_WARN_DOCUMENTATION_COMMENTS = YES;
				CLANG_WARN_EMPTY_BODY = YES;
				CLANG_WARN_ENUM_CONVERSION = YES;
				CLANG_WARN_INFINITE_RECURSION = YES;
				CLANG_WARN_INT_CONVERSION = YES;
				CLANG_WARN_NON_LITERAL_NULL_CONVERSION = YES;
				CLANG_WARN_OBJC_IMPLICIT_RETAIN_SELF = YES;
				CLANG_WARN_OBJC_LITERAL_CONVERSION = YES;
				CLANG_WARN_OBJC_ROOT_CLASS = YES_ERROR;
				CLANG_WARN_QUOTED_INCLUDE_IN_FRAMEWORK_HEADER = YES;
				CLANG_WARN_RANGE_LOOP_ANALYSIS = YES;
				CLANG_WARN_STRICT_PROTOTYPES = YES;
				CLANG_WARN_SUSPICIOUS_MOVE = YES;
				CLANG_WARN_UNGUARDED_AVAILABILITY = YES_AGGRESSIVE;
				CLANG_WARN_UNREACHABLE_CODE = YES;
				CLANG_WARN__DUPLICATE_METHOD_MATCH = YES;
				COPY_PHASE_STRIP = NO;
				DEBUG_INFORMATION_FORMAT = "dwarf-with-dsym";
				ENABLE_NS_ASSERTIONS = NO;
				ENABLE_STRICT_OBJC_MSGSEND = YES;
				GCC_C_LANGUAGE_STANDARD = gnu11;
				GCC_NO_COMMON_BLOCKS = YES;
				GCC_WARN_64_TO_32_BIT_CONVERSION = YES;
				GCC_WARN_ABOUT_RETURN_TYPE = YES_ERROR;
				GCC_WARN_UNDECLARED_SELECTOR = YES;
				GCC_WARN_UNINITIALIZED_AUTOS = YES_AGGRESSIVE;
				GCC_WARN_UNUSED_FUNCTION = YES;
				GCC_WARN_UNUSED_VARIABLE = YES;
				IPHONEOS_DEPLOYMENT_TARGET = 17.0;
				MTL_ENABLE_DEBUG_INFO = NO;
				MTL_FAST_MATH = YES;
				PRODUCT_NAME = "$(TARGET_NAME)";
				SDKROOT = iphoneos;
				SWIFT_COMPILATION_MODE = wholemodule;
				SWIFT_OPTIMIZATION_LEVEL = "-O";
				SWIFT_VERSION = 5.0;
			};
			name = Release;
		};
		56E0C226A62E335406FF3C0E /* Debug */ = {
			isa = XCBuildConfiguration;
			buildSettings = {
				ASSETCATALOG_COMPILER_APPICON_NAME = AppIcon;
				CODE_SIGN_ENTITLEMENTS = MLExplorer/MLExplorer.entitlements;
				CODE_SIGN_IDENTITY = "iPhone Developer";
				CODE_SIGN_STYLE = Automatic;
				DEVELOPMENT_TEAM = BVTP4744AS;
				INFOPLIST_FILE = MLExplorer/Info.plist;
				LD_RUNPATH_SEARCH_PATHS = (
					"$(inherited)",
					"@executable_path/Frameworks",
				);
				PRODUCT_BUNDLE_IDENTIFIER = com.mlexplorer.app;
				SDKROOT = iphoneos;
				SWIFT_VERSION = 5.9;
				TARGETED_DEVICE_FAMILY = "1,2";
			};
			name = Debug;
		};
		97EEB159773C8AC689E11BF0 /* Release */ = {
			isa = XCBuildConfiguration;
			buildSettings = {
				ASSETCATALOG_COMPILER_APPICON_NAME = AppIcon;
				CODE_SIGN_ENTITLEMENTS = MLExplorer/MLExplorer.entitlements;
				CODE_SIGN_IDENTITY = "iPhone Developer";
				CODE_SIGN_STYLE = Automatic;
				DEVELOPMENT_TEAM = BVTP4744AS;
				INFOPLIST_FILE = MLExplorer/Info.plist;
				LD_RUNPATH_SEARCH_PATHS = (
					"$(inherited)",
					"@executable_path/Frameworks",
				);
				PRODUCT_BUNDLE_IDENTIFIER = com.mlexplorer.app;
				SDKROOT = iphoneos;
				SWIFT_VERSION = 5.9;
				TARGETED_DEVICE_FAMILY = "1,2";
			};
			name = Release;
		};
		9CA873DB66D83C81914B0A6E /* Debug */ = {
			isa = XCBuildConfiguration;
			buildSettings = {
				ALWAYS_SEARCH_USER_PATHS = NO;
				CLANG_ANALYZER_NONNULL = YES;
				CLANG_ANALYZER_NUMBER_OBJECT_CONVERSION = YES_AGGRESSIVE;
				CLANG_CXX_LANGUAGE_STANDARD = "gnu++14";
				CLANG_CXX_LIBRARY = "libc++";
				CLANG_ENABLE_MODULES = YES;
				CLANG_ENABLE_OBJC_ARC = YES;
				CLANG_ENABLE_OBJC_WEAK = YES;
				CLANG_WARN_BLOCK_CAPTURE_AUTORELEASING = YES;
				CLANG_WARN_BOOL_CONVERSION = YES;
				CLANG_WARN_COMMA = YES;
				CLANG_WARN_CONSTANT_CONVERSION = YES;
				CLANG_WARN_DEPRECATED_OBJC_IMPLEMENTATIONS = YES;
				CLANG_WARN_DIRECT_OBJC_ISA_USAGE = YES_ERROR;
				CLANG_WARN_DOCUMENTATION_COMMENTS = YES;
				CLANG_WARN_EMPTY_BODY = YES;
				CLANG_WARN_ENUM_CONVERSION = YES;
				CLANG_WARN_INFINITE_RECURSION = YES;
				CLANG_WARN_INT_CONVERSION = YES;
				CLANG_WARN_NON_LITERAL_NULL_CONVERSION = YES;
				CLANG_WARN_OBJC_IMPLICIT_RETAIN_SELF = YES;
				CLANG_WARN_OBJC_LITERAL_CONVERSION = YES;
				CLANG_WARN_OBJC_ROOT_CLASS = YES_ERROR;
				CLANG_WARN_QUOTED_INCLUDE_IN_FRAMEWORK_HEADER = YES;
				CLANG_WARN_RANGE_LOOP_ANALYSIS = YES;
				CLANG_WARN_STRICT_PROTOTYPES = YES;
				CLANG_WARN_SUSPICIOUS_MOVE = YES;
				CLANG_WARN_UNGUARDED_AVAILABILITY = YES_AGGRESSIVE;
				CLANG_WARN_UNREACHABLE_CODE = YES;
				CLANG_WARN__DUPLICATE_METHOD_MATCH = YES;
				COPY_PHASE_STRIP = NO;
				DEBUG_INFORMATION_FORMAT = dwarf;
				ENABLE_STRICT_OBJC_MSGSEND = YES;
				ENABLE_TESTABILITY = YES;
				GCC_C_LANGUAGE_STANDARD = gnu11;
				GCC_DYNAMIC_NO_PIC = NO;
				GCC_NO_COMMON_BLOCKS = YES;
				GCC_OPTIMIZATION_LEVEL = 0;
				GCC_PREPROCESSOR_DEFINITIONS = (
					"$(inherited)",
					"DEBUG=1",
				);
				GCC_WARN_64_TO_32_BIT_CONVERSION = YES;
				GCC_WARN_ABOUT_RETURN_TYPE = YES_ERROR;
				GCC_WARN_UNDECLARED_SELECTOR = YES;
				GCC_WARN_UNINITIALIZED_AUTOS = YES_AGGRESSIVE;
				GCC_WARN_UNUSED_FUNCTION = YES;
				GCC_WARN_UNUSED_VARIABLE = YES;
				IPHONEOS_DEPLOYMENT_TARGET = 17.0;
				MTL_ENABLE_DEBUG_INFO = INCLUDE_SOURCE;
				MTL_FAST_MATH = YES;
				ONLY_ACTIVE_ARCH = YES;
				PRODUCT_NAME = "$(TARGET_NAME)";
				SDKROOT = iphoneos;
				SWIFT_ACTIVE_COMPILATION_CONDITIONS = DEBUG;
				SWIFT_OPTIMIZATION_LEVEL = "-Onone";
				SWIFT_VERSION = 5.0;
			};
			name = Debug;
		};
		C5FA1673572BA6016A3FC9F6 /* Debug */ = {
			isa = XCBuildConfiguration;
			buildSettings = {
				BUNDLE_LOADER = "$(TEST_HOST)";
				CODE_SIGN_STYLE = Automatic;
				DEVELOPMENT_TEAM = BVTP4744AS;
				GENERATE_INFOPLIST_FILE = YES;
				LD_RUNPATH_SEARCH_PATHS = (
					"$(inherited)",
					"@executable_path/Frameworks",
					"@loader_path/Frameworks",
				);
				PRODUCT_BUNDLE_IDENTIFIER = com.mlexplorer.tests;
				SDKROOT = iphoneos;
				SWIFT_VERSION = 5.9;
				TARGETED_DEVICE_FAMILY = "1,2";
				TEST_HOST = "$(BUILT_PRODUCTS_DIR)/MLExplorer.app/MLExplorer";
			};
			name = Debug;
		};
		E76EFF1509297146D8C935B7 /* Release */ = {
			isa = XCBuildConfiguration;
			buildSettings = {
				BUNDLE_LOADER = "$(TEST_HOST)";
				CODE_SIGN_STYLE = Automatic;
				DEVELOPMENT_TEAM = BVTP4744AS;
				GENERATE_INFOPLIST_FILE = YES;
				LD_RUNPATH_SEARCH_PATHS = (
					"$(inherited)",
					"@executable_path/Frameworks",
					"@loader_path/Frameworks",
				);
				PRODUCT_BUNDLE_IDENTIFIER = com.mlexplorer.uitests;
				SDKROOT = iphoneos;
				SWIFT_VERSION = 5.9;
				TARGETED_DEVICE_FAMILY = "1,2";
				TEST_TARGET_NAME = MLExplorer;
			};
			name = Release;
		};
		FD7771AE1105AF243CC9A63A /* Release */ = {
			isa = XCBuildConfiguration;
			buildSettings = {
				BUNDLE_LOADER = "$(TEST_HOST)";
				CODE_SIGN_STYLE = Automatic;
				DEVELOPMENT_TEAM = BVTP4744AS;
				GENERATE_INFOPLIST_FILE = YES;
				LD_RUNPATH_SEARCH_PATHS = (
					"$(inherited)",
					"@executable_path/Frameworks",
					"@loader_path/Frameworks",
				);
				PRODUCT_BUNDLE_IDENTIFIER = com.mlexplorer.tests;
				SDKROOT = iphoneos;
				SWIFT_VERSION = 5.9;
				TARGETED_DEVICE_FAMILY = "1,2";
				TEST_HOST = "$(BUILT_PRODUCTS_DIR)/MLExplorer.app/MLExplorer";
			};
			name = Release;
		};
/* End XCBuildConfiguration section */

/* Begin XCConfigurationList section */
		7A580881084211817AD24BF5 /* Build configuration list for PBXNativeTarget "MLExplorer" */ = {
			isa = XCConfigurationList;
			buildConfigurations = (
				56E0C226A62E335406FF3C0E /* Debug */,
				97EEB159773C8AC689E11BF0 /* Release */,
			);
			defaultConfigurationIsVisible = 0;
			defaultConfigurationName = Debug;
		};
		AEDF2863D7F771616E724C51 /* Build configuration list for PBXProject "MLExplorer" */ = {
			isa = XCConfigurationList;
			buildConfigurations = (
				9CA873DB66D83C81914B0A6E /* Debug */,
				3C8D241D1FE7F268F86551CD /* Release */,
			);
			defaultConfigurationIsVisible = 0;
			defaultConfigurationName = Debug;
		};
		C578973AD7EA21BC32672B3F /* Build configuration list for PBXNativeTarget "MLExplorerUITests" */ = {
			isa = XCConfigurationList;
			buildConfigurations = (
				347FDBF398A038524C63D653 /* Debug */,
				E76EFF1509297146D8C935B7 /* Release */,
			);
			defaultConfigurationIsVisible = 0;
			defaultConfigurationName = Debug;
		};
		DF51A25CF47063B8C270A088 /* Build configuration list for PBXNativeTarget "MLExplorerTests" */ = {
			isa = XCConfigurationList;
			buildConfigurations = (
				C5FA1673572BA6016A3FC9F6 /* Debug */,
				FD7771AE1105AF243CC9A63A /* Release */,
			);
			defaultConfigurationIsVisible = 0;
			defaultConfigurationName = Debug;
		};
/* End XCConfigurationList section */
	};
	rootObject = A150485A37CAC25AFEE4FC62 /* Project object */;
}
