// !$*UTF8*$!
{
	archiveVersion = 1;
	classes = {
	};
	objectVersion = 77;
	objects = {

/* Begin PBXBuildFile section */
		1E8A9D0E0CC207F6FA27D0FD /* MLExplorerApp.swift in Sources */ = {isa = PBXBuildFile; fileRef = F7F4EB87D180FA59B0DAE4A5 /* MLExplorerApp.swift */; };
		203242006EEDBC8442DC9480 /* PaperCardView.swift in Sources */ = {isa = PBXBuildFile; fileRef = C3C383C2C3127EF6CC231D12 /* PaperCardView.swift */; };
		A66BF7ED31CAB8E9C810C5B8 /* FilterSheetView.swift in Sources */ = {isa = PBXBuildFile; fileRef = 13DB08B672DC3ECBA4E3545B /* FilterSheetView.swift */; };
		AD4EB6FAEA1036A1449AF687 /* Assets.xcassets in Resources */ = {isa = PBXBuildFile; fileRef = CFD595855DB2A18701E09BF9 /* Assets.xcassets */; };
		B7321EA36EFE45E03A9C2944 /* PaperListView.swift in Sources */ = {isa = PBXBuildFile; fileRef = 075ED488DE174BD393EEBCC8 /* PaperListView.swift */; };
		B81C95E877AD2F5F40018AEE /* PaperDetailView.swift in Sources */ = {isa = PBXBuildFile; fileRef = FB5FB412BB2F6688CDFE7867 /* PaperDetailView.swift */; };
		BB8B4ECFF2E604D6DA580159 /* PapersViewModel.swift in Sources */ = {isa = PBXBuildFile; fileRef = 400F60427F8A4A389843C219 /* PapersViewModel.swift */; };
		FA34D73EBCECBA6B0F8A1DFC /* Paper.swift in Sources */ = {isa = PBXBuildFile; fileRef = 71C49BE870DFEC45EC2F5588 /* Paper.swift */; };
/* End PBXBuildFile section */

/* Begin PBXFileReference section */
		075ED488DE174BD393EEBCC8 /* PaperListView.swift */ = {isa = PBXFileReference; lastKnownFileType = sourcecode.swift; path = PaperListView.swift; sourceTree = "<group>"; };
		13DB08B672DC3ECBA4E3545B /* FilterSheetView.swift */ = {isa = PBXFileReference; lastKnownFileType = sourcecode.swift; path = FilterSheetView.swift; sourceTree = "<group>"; };
		400F60427F8A4A389843C219 /* PapersViewModel.swift */ = {isa = PBXFileReference; lastKnownFileType = sourcecode.swift; path = PapersViewModel.swift; sourceTree = "<group>"; };
		4077062F47F3C179C5FD71A5 /* MLExplorer.app */ = {isa = PBXFileReference; explicitFileType = wrapper.application; includeInIndex = 0; path = MLExplorer.app; sourceTree = BUILT_PRODUCTS_DIR; };
		71C49BE870DFEC45EC2F5588 /* Paper.swift */ = {isa = PBXFileReference; lastKnownFileType = sourcecode.swift; path = Paper.swift; sourceTree = "<group>"; };
		92BC4A0D43DA5DE0849887B1 /* Info.plist */ = {isa = PBXFileReference; lastKnownFileType = text.plist; path = Info.plist; sourceTree = "<group>"; };
		C3C383C2C3127EF6CC231D12 /* PaperCardView.swift */ = {isa = PBXFileReference; lastKnownFileType = sourcecode.swift; path = PaperCardView.swift; sourceTree = "<group>"; };
		CFD595855DB2A18701E09BF9 /* Assets.xcassets */ = {isa = PBXFileReference; lastKnownFileType = folder.assetcatalog; path = Assets.xcassets; sourceTree = "<group>"; };
		F7F4EB87D180FA59B0DAE4A5 /* MLExplorerApp.swift */ = {isa = PBXFileReference; lastKnownFileType = sourcecode.swift; path = MLExplorerApp.swift; sourceTree = "<group>"; };
		FB5FB412BB2F6688CDFE7867 /* PaperDetailView.swift */ = {isa = PBXFileReference; lastKnownFileType = sourcecode.swift; path = PaperDetailView.swift; sourceTree = "<group>"; };
/* End PBXFileReference section */

/* Begin PBXGroup section */
		08493A9861A0C9F96A1AF6BA /* ViewModels */ = {
			isa = PBXGroup;
			children = (
				400F60427F8A4A389843C219 /* PapersViewModel.swift */,
			);
			path = ViewModels;
			sourceTree = "<group>";
		};
		1C7A06939E0C612AC82B8F6A /* Views */ = {
			isa = PBXGroup;
			children = (
				13DB08B672DC3ECBA4E3545B /* FilterSheetView.swift */,
				C3C383C2C3127EF6CC231D12 /* PaperCardView.swift */,
				FB5FB412BB2F6688CDFE7867 /* PaperDetailView.swift */,
				075ED488DE174BD393EEBCC8 /* PaperListView.swift */,
			);
			path = Views;
			sourceTree = "<group>";
		};
		289BD2EF60D19361BC30C78C /* MLExplorer */ = {
			isa = PBXGroup;
			children = (
				CFD595855DB2A18701E09BF9 /* Assets.xcassets */,
				92BC4A0D43DA5DE0849887B1 /* Info.plist */,
				F7F4EB87D180FA59B0DAE4A5 /* MLExplorerApp.swift */,
				9869DA1D9E14708D640A6566 /* Models */,
				08493A9861A0C9F96A1AF6BA /* ViewModels */,
				1C7A06939E0C612AC82B8F6A /* Views */,
			);
			path = MLExplorer;
			sourceTree = "<group>";
		};
		89E539A3F44A5A4E59FD6DE7 /* Products */ = {
			isa = PBXGroup;
			children = (
				4077062F47F3C179C5FD71A5 /* MLExplorer.app */,
			);
			name = Products;
			sourceTree = "<group>";
		};
		9869DA1D9E14708D640A6566 /* Models */ = {
			isa = PBXGroup;
			children = (
				71C49BE870DFEC45EC2F5588 /* Paper.swift */,
			);
			path = Models;
			sourceTree = "<group>";
		};
		BF0514F7AE0B490311FAC7F8 = {
			isa = PBXGroup;
			children = (
				289BD2EF60D19361BC30C78C /* MLExplorer */,
				89E539A3F44A5A4E59FD6DE7 /* Products */,
			);
			sourceTree = "<group>";
		};
/* End PBXGroup section */

/* Begin PBXNativeTarget section */
		2C5CE3A602C3445B09B55B2C /* MLExplorer */ = {
			isa = PBXNativeTarget;
			buildConfigurationList = 7A580881084211817AD24BF5 /* Build configuration list for PBXNativeTarget "MLExplorer" */;
			buildPhases = (
				23F9F2F0D7942502FDC56D43 /* Sources */,
				C58E571FC124F8F3F7800263 /* Resources */,
			);
			buildRules = (
			);
			dependencies = (
			);
			name = MLExplorer;
			packageProductDependencies = (
			);
			productName = MLExplorer;
			productReference = 4077062F47F3C179C5FD71A5 /* MLExplorer.app */;
			productType = "com.apple.product-type.application";
		};
/* End PBXNativeTarget section */

/* Begin PBXProject section */
		A150485A37CAC25AFEE4FC62 /* Project object */ = {
			isa = PBXProject;
			attributes = {
				BuildIndependentTargetsInParallel = YES;
				LastUpgradeCheck = 1500;
			};
			buildConfigurationList = AEDF2863D7F771616E724C51 /* Build configuration list for PBXProject "MLExplorer" */;
			developmentRegion = en;
			hasScannedForEncodings = 0;
			knownRegions = (
				Base,
				en,
			);
			mainGroup = BF0514F7AE0B490311FAC7F8;
			minimizedProjectReferenceProxies = 1;
			preferredProjectObjectVersion = 77;
			productRefGroup = 89E539A3F44A5A4E59FD6DE7 /* Products */;
			projectDirPath = "";
			projectRoot = "";
			targets = (
				2C5CE3A602C3445B09B55B2C /* MLExplorer */,
			);
		};
/* End PBXProject section */

/* Begin PBXResourcesBuildPhase section */
		C58E571FC124F8F3F7800263 /* Resources */ = {
			isa = PBXResourcesBuildPhase;
			buildActionMask = 2147483647;
			files = (
				AD4EB6FAEA1036A1449AF687 /* Assets.xcassets in Resources */,
			);
			runOnlyForDeploymentPostprocessing = 0;
		};
/* End PBXResourcesBuildPhase section */

/* Begin PBXSourcesBuildPhase section */
		23F9F2F0D7942502FDC56D43 /* Sources */ = {
			isa = PBXSourcesBuildPhase;
			buildActionMask = 2147483647;
			files = (
				A66BF7ED31CAB8E9C810C5B8 /* FilterSheetView.swift in Sources */,
				1E8A9D0E0CC207F6FA27D0FD /* MLExplorerApp.swift in Sources */,
				FA34D73EBCECBA6B0F8A1DFC /* Paper.swift in Sources */,
				203242006EEDBC8442DC9480 /* PaperCardView.swift in Sources */,
				B81C95E877AD2F5F40018AEE /* PaperDetailView.swift in Sources */,
				B7321EA36EFE45E03A9C2944 /* PaperListView.swift in Sources */,
				BB8B4ECFF2E604D6DA580159 /* PapersViewModel.swift in Sources */,
			);
			runOnlyForDeploymentPostprocessing = 0;
		};
/* End PBXSourcesBuildPhase section */

/* Begin XCBuildConfiguration section */
		3C8D241D1FE7F268F86551CD /* Release */ = {
			isa = XCBuildConfiguration;
			buildSettings = {
				ALWAYS_SEARCH_USER_PATHS = NO;
				CLANG_ANALYZER_NONNULL = YES;
				CLANG_ANALYZER_NUMBER_OBJECT_CONVERSION = YES_AGGRESSIVE;
				CLANG_CXX_LANGUAGE_STANDARD = "gnu++14";
				CLANG_CXX_LIBRARY = "libc++";
				CLANG_ENABLE_MODULES = YES;
				CLANG_ENABLE_OBJC_ARC = YES;
				CLANG_ENABLE_OBJC_WEAK = YES;
				CLANG_WARN_BLOCK_CAPTURE_AUTORELEASING = YES;
				CLANG_WARN_BOOL_CONVERSION = YES;
				CLANG_WARN_COMMA = YES;
				CLANG_WARN_CONSTANT_CONVERSION = YES;
				CLANG_WARN_DEPRECATED_OBJC_IMPLEMENTATIONS = YES;
				CLANG_WARN_DIRECT_OBJC_ISA_USAGE = YES_ERROR;
				CLANG_WARN_DOCUMENTATION_COMMENTS = YES;
				CLANG_WARN_EMPTY_BODY = YES;
				CLANG_WARN_ENUM_CONVERSION = YES;
				CLANG_WARN_INFINITE_RECURSION = YES;
				CLANG_WARN_INT_CONVERSION = YES;
				CLANG_WARN_NON_LITERAL_NULL_CONVERSION = YES;
				CLANG_WARN_OBJC_IMPLICIT_RETAIN_SELF = YES;
				CLANG_WARN_OBJC_LITERAL_CONVERSION = YES;
				CLANG_WARN_OBJC_ROOT_CLASS = YES_ERROR;
				CLANG_WARN_QUOTED_INCLUDE_IN_FRAMEWORK_HEADER = YES;
				CLANG_WARN_RANGE_LOOP_ANALYSIS = YES;
				CLANG_WARN_STRICT_PROTOTYPES = YES;
				CLANG_WARN_SUSPICIOUS_MOVE = YES;
				CLANG_WARN_UNGUARDED_AVAILABILITY = YES_AGGRESSIVE;
				CLANG_WARN_UNREACHABLE_CODE = YES;
				CLANG_WARN__DUPLICATE_METHOD_MATCH = YES;
				COPY_PHASE_STRIP = NO;
				DEBUG_INFORMATION_FORMAT = "dwarf-with-dsym";
				ENABLE_NS_ASSERTIONS = NO;
				ENABLE_STRICT_OBJC_MSGSEND = YES;
				GCC_C_LANGUAGE_STANDARD = gnu11;
				GCC_NO_COMMON_BLOCKS = YES;
				GCC_WARN_64_TO_32_BIT_CONVERSION = YES;
				GCC_WARN_ABOUT_RETURN_TYPE = YES_ERROR;
				GCC_WARN_UNDECLARED_SELECTOR = YES;
				GCC_WARN_UNINITIALIZED_AUTOS = YES_AGGRESSIVE;
				GCC_WARN_UNUSED_FUNCTION = YES;
				GCC_WARN_UNUSED_VARIABLE = YES;
				IPHONEOS_DEPLOYMENT_TARGET = 17.0;
				MTL_ENABLE_DEBUG_INFO = NO;
				MTL_FAST_MATH = YES;
				PRODUCT_NAME = "$(TARGET_NAME)";
				SDKROOT = iphoneos;
				SWIFT_COMPILATION_MODE = wholemodule;
				SWIFT_OPTIMIZATION_LEVEL = "-O";
				SWIFT_VERSION = 5.0;
			};
			name = Release;
		};
		56E0C226A62E335406FF3C0E /* Debug */ = {
			isa = XCBuildConfiguration;
			buildSettings = {
				ASSETCATALOG_COMPILER_APPICON_NAME = AppIcon;
				CODE_SIGN_IDENTITY = "iPhone Developer";
				DEVELOPMENT_TEAM = BVTP4744AS;
				INFOPLIST_FILE = MLExplorer/Info.plist;
				LD_RUNPATH_SEARCH_PATHS = (
					"$(inherited)",
					"@executable_path/Frameworks",
				);
				PRODUCT_BUNDLE_IDENTIFIER = com.mlexplorer.app;
				SDKROOT = iphoneos;
				SWIFT_VERSION = 5.9;
				TARGETED_DEVICE_FAMILY = "1,2";
			};
			name = Debug;
		};
		97EEB159773C8AC689E11BF0 /* Release */ = {
			isa = XCBuildConfiguration;
			buildSettings = {
				ASSETCATALOG_COMPILER_APPICON_NAME = AppIcon;
				CODE_SIGN_IDENTITY = "iPhone Developer";
				DEVELOPMENT_TEAM = BVTP4744AS;
				INFOPLIST_FILE = MLExplorer/Info.plist;
				LD_RUNPATH_SEARCH_PATHS = (
					"$(inherited)",
					"@executable_path/Frameworks",
				);
				PRODUCT_BUNDLE_IDENTIFIER = com.mlexplorer.app;
				SDKROOT = iphoneos;
				SWIFT_VERSION = 5.9;
				TARGETED_DEVICE_FAMILY = "1,2";
			};
			name = Release;
		};
		9CA873DB66D83C81914B0A6E /* Debug */ = {
			isa = XCBuildConfiguration;
			buildSettings = {
				ALWAYS_SEARCH_USER_PATHS = NO;
				CLANG_ANALYZER_NONNULL = YES;
				CLANG_ANALYZER_NUMBER_OBJECT_CONVERSION = YES_AGGRESSIVE;
				CLANG_CXX_LANGUAGE_STANDARD = "gnu++14";
				CLANG_CXX_LIBRARY = "libc++";
				CLANG_ENABLE_MODULES = YES;
				CLANG_ENABLE_OBJC_ARC = YES;
				CLANG_ENABLE_OBJC_WEAK = YES;
				CLANG_WARN_BLOCK_CAPTURE_AUTORELEASING = YES;
				CLANG_WARN_BOOL_CONVERSION = YES;
				CLANG_WARN_COMMA = YES;
				CLANG_WARN_CONSTANT_CONVERSION = YES;
				CLANG_WARN_DEPRECATED_OBJC_IMPLEMENTATIONS = YES;
				CLANG_WARN_DIRECT_OBJC_ISA_USAGE = YES_ERROR;
				CLANG_WARN_DOCUMENTATION_COMMENTS = YES;
				CLANG_WARN_EMPTY_BODY = YES;
				CLANG_WARN_ENUM_CONVERSION = YES;
				CLANG_WARN_INFINITE_RECURSION = YES;
				CLANG_WARN_INT_CONVERSION = YES;
				CLANG_WARN_NON_LITERAL_NULL_CONVERSION = YES;
				CLANG_WARN_OBJC_IMPLICIT_RETAIN_SELF = YES;
				CLANG_WARN_OBJC_LITERAL_CONVERSION = YES;
				CLANG_WARN_OBJC_ROOT_CLASS = YES_ERROR;
				CLANG_WARN_QUOTED_INCLUDE_IN_FRAMEWORK_HEADER = YES;
				CLANG_WARN_RANGE_LOOP_ANALYSIS = YES;
				CLANG_WARN_STRICT_PROTOTYPES = YES;
				CLANG_WARN_SUSPICIOUS_MOVE = YES;
				CLANG_WARN_UNGUARDED_AVAILABILITY = YES_AGGRESSIVE;
				CLANG_WARN_UNREACHABLE_CODE = YES;
				CLANG_WARN__DUPLICATE_METHOD_MATCH = YES;
				COPY_PHASE_STRIP = NO;
				DEBUG_INFORMATION_FORMAT = dwarf;
				ENABLE_STRICT_OBJC_MSGSEND = YES;
				ENABLE_TESTABILITY = YES;
				GCC_C_LANGUAGE_STANDARD = gnu11;
				GCC_DYNAMIC_NO_PIC = NO;
				GCC_NO_COMMON_BLOCKS = YES;
				GCC_OPTIMIZATION_LEVEL = 0;
				GCC_PREPROCESSOR_DEFINITIONS = (
					"$(inherited)",
					"DEBUG=1",
				);
				GCC_WARN_64_TO_32_BIT_CONVERSION = YES;
				GCC_WARN_ABOUT_RETURN_TYPE = YES_ERROR;
				GCC_WARN_UNDECLARED_SELECTOR = YES;
				GCC_WARN_UNINITIALIZED_AUTOS = YES_AGGRESSIVE;
				GCC_WARN_UNUSED_FUNCTION = YES;
				GCC_WARN_UNUSED_VARIABLE = YES;
				IPHONEOS_DEPLOYMENT_TARGET = 17.0;
				MTL_ENABLE_DEBUG_INFO = INCLUDE_SOURCE;
				MTL_FAST_MATH = YES;
				ONLY_ACTIVE_ARCH = YES;
				PRODUCT_NAME = "$(TARGET_NAME)";
				SDKROOT = iphoneos;
				SWIFT_ACTIVE_COMPILATION_CONDITIONS = DEBUG;
				SWIFT_OPTIMIZATION_LEVEL = "-Onone";
				SWIFT_VERSION = 5.0;
			};
			name = Debug;
		};
/* End XCBuildConfiguration section */

/* Begin XCConfigurationList section */
		7A580881084211817AD24BF5 /* Build configuration list for PBXNativeTarget "MLExplorer" */ = {
			isa = XCConfigurationList;
			buildConfigurations = (
				56E0C226A62E335406FF3C0E /* Debug */,
				97EEB159773C8AC689E11BF0 /* Release */,
			);
			defaultConfigurationIsVisible = 0;
			defaultConfigurationName = Debug;
		};
		AEDF2863D7F771616E724C51 /* Build configuration list for PBXProject "MLExplorer" */ = {
			isa = XCConfigurationList;
			buildConfigurations = (
				9CA873DB66D83C81914B0A6E /* Debug */,
				3C8D241D1FE7F268F86551CD /* Release */,
			);
			defaultConfigurationIsVisible = 0;
			defaultConfigurationName = Debug;
		};
/* End XCConfigurationList section */
	};
	rootObject = A150485A37CAC25AFEE4FC62 /* Project object */;
}
